
Microsoft Visual Studio Solution File, Format Version 12.00
# Visual Studio Version 16
VisualStudioVersion = 16.0.31424.327
MinimumVisualStudioVersion = 10.0.40219.1
Project("{2150E333-8FDC-42A3-9474-1A3956D46DE8}") = "src", "src", "{85FA4232-145E-4540-81AB-0B37132397F6}"
EndProject
Project("{2150E333-8FDC-42A3-9474-1A3956D46DE8}") = "common", "common", "{43753362-2D90-4E2B-B707-DCCD27409D07}"
	ProjectSection(SolutionItems) = preProject
		..\.gitattributes = ..\.gitattributes
		..\.gitignore = ..\.gitignore
		..\README.md = ..\README.md
	EndProjectSection
EndProject
Project("{FAE04EC0-301F-11D3-BF4B-00C04F79EFBC}") = "OzonEdu.MerchandiseService", "OzonEdu.MerchandiseService\OzonEdu.MerchandiseService.csproj", "{A2954AD9-6CC1-4825-B208-8937A4D77C02}"
EndProject
Global
	GlobalSection(SolutionConfigurationPlatforms) = preSolution
		Debug|Any CPU = Debug|Any CPU
		Release|Any CPU = Release|Any CPU
	EndGlobalSection
	GlobalSection(ProjectConfigurationPlatforms) = postSolution
		{A2954AD9-6CC1-4825-B208-8937A4D77C02}.Debug|Any CPU.ActiveCfg = Debug|Any CPU
		{A2954AD9-6CC1-4825-B208-8937A4D77C02}.Debug|Any CPU.Build.0 = Debug|Any CPU
		{A2954AD9-6CC1-4825-B208-8937A4D77C02}.Release|Any CPU.ActiveCfg = Release|Any CPU
		{A2954AD9-6CC1-4825-B208-8937A4D77C02}.Release|Any CPU.Build.0 = Release|Any CPU
	EndGlobalSection
	GlobalSection(SolutionProperties) = preSolution
		HideSolutionNode = FALSE
	EndGlobalSection
	GlobalSection(NestedProjects) = preSolution
		{A2954AD9-6CC1-4825-B208-8937A4D77C02} = {85FA4232-145E-4540-81AB-0B37132397F6}
	EndGlobalSection
	GlobalSection(ExtensibilityGlobals) = postSolution
		SolutionGuid = {BA198E70-A9AC-4285-8A4E-226939CD2A2B}
	EndGlobalSection
EndGlobal
